
Microsoft Visual Studio Solution File, Format Version 12.00
# Visual Studio Version 17
VisualStudioVersion = 17.3.32929.385
MinimumVisualStudioVersion = 10.0.40219.1
Project("{9A19103F-16F7-4668-BE54-9A1E7A4F7556}") = "Patinaje_Torneos.Server", "Patinaje_Torneos\Server\Patinaje_Torneos.Server.csproj", "{FE4CE468-73CF-42FA-906B-AE6BDA30FC28}"
EndProject
Project("{9A19103F-16F7-4668-BE54-9A1E7A4F7556}") = "Patinaje_Torneos.Client", "Patinaje_Torneos\Client\Patinaje_Torneos.Client.csproj", "{F041B1A8-B700-4283-9755-DFA910200849}"
EndProject
Project("{9A19103F-16F7-4668-BE54-9A1E7A4F7556}") = "Patinaje_Torneos.Shared", "Patinaje_Torneos\Shared\Patinaje_Torneos.Shared.csproj", "{641EEE6D-731F-4FC2-8E0F-B905249614B0}"
EndProject
Global
	GlobalSection(SolutionConfigurationPlatforms) = preSolution
		Debug|Any CPU = Debug|Any CPU
		Release|Any CPU = Release|Any CPU
	EndGlobalSection
	GlobalSection(ProjectConfigurationPlatforms) = postSolution
		{FE4CE468-73CF-42FA-906B-AE6BDA30FC28}.Debug|Any CPU.ActiveCfg = Debug|Any CPU
		{FE4CE468-73CF-42FA-906B-AE6BDA30FC28}.Debug|Any CPU.Build.0 = Debug|Any CPU
		{FE4CE468-73CF-42FA-906B-AE6BDA30FC28}.Release|Any CPU.ActiveCfg = Release|Any CPU
		{FE4CE468-73CF-42FA-906B-AE6BDA30FC28}.Release|Any CPU.Build.0 = Release|Any CPU
		{F041B1A8-B700-4283-9755-DFA910200849}.Debug|Any CPU.ActiveCfg = Debug|Any CPU
		{F041B1A8-B700-4283-9755-DFA910200849}.Debug|Any CPU.Build.0 = Debug|Any CPU
		{F041B1A8-B700-4283-9755-DFA910200849}.Release|Any CPU.ActiveCfg = Release|Any CPU
		{F041B1A8-B700-4283-9755-DFA910200849}.Release|Any CPU.Build.0 = Release|Any CPU
		{641EEE6D-731F-4FC2-8E0F-B905249614B0}.Debug|Any CPU.ActiveCfg = Debug|Any CPU
		{641EEE6D-731F-4FC2-8E0F-B905249614B0}.Debug|Any CPU.Build.0 = Debug|Any CPU
		{641EEE6D-731F-4FC2-8E0F-B905249614B0}.Release|Any CPU.ActiveCfg = Release|Any CPU
		{641EEE6D-731F-4FC2-8E0F-B905249614B0}.Release|Any CPU.Build.0 = Release|Any CPU
	EndGlobalSection
	GlobalSection(SolutionProperties) = preSolution
		HideSolutionNode = FALSE
	EndGlobalSection
	GlobalSection(ExtensibilityGlobals) = postSolution
		SolutionGuid = {1AA659C9-03E0-44CC-8772-338E1A86491B}
	EndGlobalSection
EndGlobal
